// !$*UTF8*$!
{
	archiveVersion = 1;
	classes = {
	};
	objectVersion = 56;
	objects = {

/* Begin PBXBuildFile section */
		C1C348A22BB7F6450071C0E5 /* ClockKitComplicationSampleApp.swift in Sources */ = {isa = PBXBuildFile; fileRef = C1C348A12BB7F6450071C0E5 /* ClockKitComplicationSampleApp.swift */; };
		C1C348A42BB7F6450071C0E5 /* ContentView.swift in Sources */ = {isa = PBXBuildFile; fileRef = C1C348A32BB7F6450071C0E5 /* ContentView.swift */; };
		C1C348A62BB7F6460071C0E5 /* Assets.xcassets in Resources */ = {isa = PBXBuildFile; fileRef = C1C348A52BB7F6460071C0E5 /* Assets.xcassets */; };
		C1C348CC2BB838A70071C0E5 /* ClockKitComplicationSampleWatchApp.swift in Sources */ = {isa = PBXBuildFile; fileRef = C1C348CB2BB838A70071C0E5 /* ClockKitComplicationSampleWatchApp.swift */; };
		C1C348CE2BB838A70071C0E5 /* ContentView.swift in Sources */ = {isa = PBXBuildFile; fileRef = C1C348CD2BB838A70071C0E5 /* ContentView.swift */; };
		C1C348D02BB838A90071C0E5 /* Assets.xcassets in Resources */ = {isa = PBXBuildFile; fileRef = C1C348CF2BB838A90071C0E5 /* Assets.xcassets */; };
		C1C348D62BB838A90071C0E5 /* ClockKitComplicationSampleWatch Watch App.app in Embed Watch Content */ = {isa = PBXBuildFile; fileRef = C1C348C92BB838A70071C0E5 /* ClockKitComplicationSampleWatch Watch App.app */; settings = {ATTRIBUTES = (RemoveHeadersOnCopy, ); }; };
		C1C348DC2BB83A560071C0E5 /* ComplicationController.swift in Sources */ = {isa = PBXBuildFile; fileRef = C1C348DB2BB83A560071C0E5 /* ComplicationController.swift */; };
/* End PBXBuildFile section */

/* Begin PBXContainerItemProxy section */
		C1C348D42BB838A90071C0E5 /* PBXContainerItemProxy */ = {
			isa = PBXContainerItemProxy;
			containerPortal = C1C348962BB7F6450071C0E5 /* Project object */;
			proxyType = 1;
			remoteGlobalIDString = C1C348C82BB838A70071C0E5;
			remoteInfo = "ClockKitComplicationSampleWatch Watch App";
		};
/* End PBXContainerItemProxy section */

/* Begin PBXCopyFilesBuildPhase section */
		C1C348D72BB838A90071C0E5 /* Embed Watch Content */ = {
			isa = PBXCopyFilesBuildPhase;
			buildActionMask = 2147483647;
			dstPath = "$(CONTENTS_FOLDER_PATH)/Watch";
			dstSubfolderSpec = 16;
			files = (
				C1C348D62BB838A90071C0E5 /* ClockKitComplicationSampleWatch Watch App.app in Embed Watch Content */,
			);
			name = "Embed Watch Content";
			runOnlyForDeploymentPostprocessing = 0;
		};
/* End PBXCopyFilesBuildPhase section */

/* Begin PBXFileReference section */
		C1C3489E2BB7F6450071C0E5 /* ClockKitComplicationSample.app */ = {isa = PBXFileReference; explicitFileType = wrapper.application; includeInIndex = 0; path = ClockKitComplicationSample.app; sourceTree = BUILT_PRODUCTS_DIR; };
		C1C348A12BB7F6450071C0E5 /* ClockKitComplicationSampleApp.swift */ = {isa = PBXFileReference; lastKnownFileType = sourcecode.swift; path = ClockKitComplicationSampleApp.swift; sourceTree = "<group>"; };
		C1C348A32BB7F6450071C0E5 /* ContentView.swift */ = {isa = PBXFileReference; lastKnownFileType = sourcecode.swift; path = ContentView.swift; sourceTree = "<group>"; };
		C1C348A52BB7F6460071C0E5 /* Assets.xcassets */ = {isa = PBXFileReference; lastKnownFileType = folder.assetcatalog; path = Assets.xcassets; sourceTree = "<group>"; };
		C1C348C92BB838A70071C0E5 /* ClockKitComplicationSampleWatch Watch App.app */ = {isa = PBXFileReference; explicitFileType = wrapper.application; includeInIndex = 0; path = "ClockKitComplicationSampleWatch Watch App.app"; sourceTree = BUILT_PRODUCTS_DIR; };
		C1C348CB2BB838A70071C0E5 /* ClockKitComplicationSampleWatchApp.swift */ = {isa = PBXFileReference; lastKnownFileType = sourcecode.swift; path = ClockKitComplicationSampleWatchApp.swift; sourceTree = "<group>"; };
		C1C348CD2BB838A70071C0E5 /* ContentView.swift */ = {isa = PBXFileReference; lastKnownFileType = sourcecode.swift; path = ContentView.swift; sourceTree = "<group>"; };
		C1C348CF2BB838A90071C0E5 /* Assets.xcassets */ = {isa = PBXFileReference; lastKnownFileType = folder.assetcatalog; path = Assets.xcassets; sourceTree = "<group>"; };
		C1C348DB2BB83A560071C0E5 /* ComplicationController.swift */ = {isa = PBXFileReference; lastKnownFileType = sourcecode.swift; path = ComplicationController.swift; sourceTree = "<group>"; };
/* End PBXFileReference section */

/* Begin PBXFrameworksBuildPhase section */
		C1C3489B2BB7F6450071C0E5 /* Frameworks */ = {
			isa = PBXFrameworksBuildPhase;
			buildActionMask = 2147483647;
			files = (
			);
			runOnlyForDeploymentPostprocessing = 0;
		};
		C1C348C62BB838A70071C0E5 /* Frameworks */ = {
			isa = PBXFrameworksBuildPhase;
			buildActionMask = 2147483647;
			files = (
			);
			runOnlyForDeploymentPostprocessing = 0;
		};
/* End PBXFrameworksBuildPhase section */

/* Begin PBXGroup section */
		C1C348952BB7F6450071C0E5 = {
			isa = PBXGroup;
			children = (
				C1C348A02BB7F6450071C0E5 /* ClockKitComplicationSample */,
				C1C348CA2BB838A70071C0E5 /* ClockKitComplicationSampleWatch Watch App */,
				C1C3489F2BB7F6450071C0E5 /* Products */,
			);
			sourceTree = "<group>";
		};
		C1C3489F2BB7F6450071C0E5 /* Products */ = {
			isa = PBXGroup;
			children = (
				C1C3489E2BB7F6450071C0E5 /* ClockKitComplicationSample.app */,
				C1C348C92BB838A70071C0E5 /* ClockKitComplicationSampleWatch Watch App.app */,
			);
			name = Products;
			sourceTree = "<group>";
		};
		C1C348A02BB7F6450071C0E5 /* ClockKitComplicationSample */ = {
			isa = PBXGroup;
			children = (
				C1C348A12BB7F6450071C0E5 /* ClockKitComplicationSampleApp.swift */,
				C1C348A32BB7F6450071C0E5 /* ContentView.swift */,
				C1C348A52BB7F6460071C0E5 /* Assets.xcassets */,
			);
			path = ClockKitComplicationSample;
			sourceTree = "<group>";
		};
		C1C348CA2BB838A70071C0E5 /* ClockKitComplicationSampleWatch Watch App */ = {
			isa = PBXGroup;
			children = (
				C1C348CB2BB838A70071C0E5 /* ClockKitComplicationSampleWatchApp.swift */,
				C1C348CD2BB838A70071C0E5 /* ContentView.swift */,
				C1C348DB2BB83A560071C0E5 /* ComplicationController.swift */,
				C1C348CF2BB838A90071C0E5 /* Assets.xcassets */,
			);
			path = "ClockKitComplicationSampleWatch Watch App";
			sourceTree = "<group>";
		};
/* End PBXGroup section */

/* Begin PBXNativeTarget section */
		C1C3489D2BB7F6450071C0E5 /* ClockKitComplicationSample */ = {
			isa = PBXNativeTarget;
			buildConfigurationList = C1C348AC2BB7F6460071C0E5 /* Build configuration list for PBXNativeTarget "ClockKitComplicationSample" */;
			buildPhases = (
				C1C3489A2BB7F6450071C0E5 /* Sources */,
				C1C3489B2BB7F6450071C0E5 /* Frameworks */,
				C1C3489C2BB7F6450071C0E5 /* Resources */,
				C1C348D72BB838A90071C0E5 /* Embed Watch Content */,
			);
			buildRules = (
			);
			dependencies = (
				C1C348D52BB838A90071C0E5 /* PBXTargetDependency */,
			);
			name = ClockKitComplicationSample;
			productName = ClockKitComplicationSample;
			productReference = C1C3489E2BB7F6450071C0E5 /* ClockKitComplicationSample.app */;
			productType = "com.apple.product-type.application";
		};
		C1C348C82BB838A70071C0E5 /* ClockKitComplicationSampleWatch Watch App */ = {
			isa = PBXNativeTarget;
			buildConfigurationList = C1C348DA2BB838A90071C0E5 /* Build configuration list for PBXNativeTarget "ClockKitComplicationSampleWatch Watch App" */;
			buildPhases = (
				C1C348C52BB838A70071C0E5 /* Sources */,
				C1C348C62BB838A70071C0E5 /* Frameworks */,
				C1C348C72BB838A70071C0E5 /* Resources */,
			);
			buildRules = (
			);
			dependencies = (
			);
			name = "ClockKitComplicationSampleWatch Watch App";
			productName = "ClockKitComplicationSampleWatch Watch App";
			productReference = C1C348C92BB838A70071C0E5 /* ClockKitComplicationSampleWatch Watch App.app */;
			productType = "com.apple.product-type.application";
		};
/* End PBXNativeTarget section */

/* Begin PBXProject section */
		C1C348962BB7F6450071C0E5 /* Project object */ = {
			isa = PBXProject;
			attributes = {
				BuildIndependentTargetsInParallel = 1;
				LastSwiftUpdateCheck = 1530;
				LastUpgradeCheck = 1530;
				TargetAttributes = {
					C1C3489D2BB7F6450071C0E5 = {
						CreatedOnToolsVersion = 15.3;
					};
					C1C348C82BB838A70071C0E5 = {
						CreatedOnToolsVersion = 15.3;
					};
				};
			};
			buildConfigurationList = C1C348992BB7F6450071C0E5 /* Build configuration list for PBXProject "ClockKitComplicationSample" */;
			compatibilityVersion = "Xcode 14.0";
			developmentRegion = en;
			hasScannedForEncodings = 0;
			knownRegions = (
				en,
				Base,
			);
			mainGroup = C1C348952BB7F6450071C0E5;
			productRefGroup = C1C3489F2BB7F6450071C0E5 /* Products */;
			projectDirPath = "";
			projectRoot = "";
			targets = (
				C1C3489D2BB7F6450071C0E5 /* ClockKitComplicationSample */,
				C1C348C82BB838A70071C0E5 /* ClockKitComplicationSampleWatch Watch App */,
			);
		};
/* End PBXProject section */

/* Begin PBXResourcesBuildPhase section */
		C1C3489C2BB7F6450071C0E5 /* Resources */ = {
			isa = PBXResourcesBuildPhase;
			buildActionMask = 2147483647;
			files = (
				C1C348A62BB7F6460071C0E5 /* Assets.xcassets in Resources */,
			);
			runOnlyForDeploymentPostprocessing = 0;
		};
		C1C348C72BB838A70071C0E5 /* Resources */ = {
			isa = PBXResourcesBuildPhase;
			buildActionMask = 2147483647;
			files = (
				C1C348D02BB838A90071C0E5 /* Assets.xcassets in Resources */,
			);
			runOnlyForDeploymentPostprocessing = 0;
		};
/* End PBXResourcesBuildPhase section */

/* Begin PBXSourcesBuildPhase section */
		C1C3489A2BB7F6450071C0E5 /* Sources */ = {
			isa = PBXSourcesBuildPhase;
			buildActionMask = 2147483647;
			files = (
				C1C348A42BB7F6450071C0E5 /* ContentView.swift in Sources */,
				C1C348A22BB7F6450071C0E5 /* ClockKitComplicationSampleApp.swift in Sources */,
			);
			runOnlyForDeploymentPostprocessing = 0;
		};
		C1C348C52BB838A70071C0E5 /* Sources */ = {
			isa = PBXSourcesBuildPhase;
			buildActionMask = 2147483647;
			files = (
				C1C348CE2BB838A70071C0E5 /* ContentView.swift in Sources */,
				C1C348CC2BB838A70071C0E5 /* ClockKitComplicationSampleWatchApp.swift in Sources */,
				C1C348DC2BB83A560071C0E5 /* ComplicationController.swift in Sources */,
			);
			runOnlyForDeploymentPostprocessing = 0;
		};
/* End PBXSourcesBuildPhase section */

/* Begin PBXTargetDependency section */
		C1C348D52BB838A90071C0E5 /* PBXTargetDependency */ = {
			isa = PBXTargetDependency;
			target = C1C348C82BB838A70071C0E5 /* ClockKitComplicationSampleWatch Watch App */;
			targetProxy = C1C348D42BB838A90071C0E5 /* PBXContainerItemProxy */;
		};
/* End PBXTargetDependency section */

/* Begin XCBuildConfiguration section */
		C1C348AA2BB7F6460071C0E5 /* Debug */ = {
			isa = XCBuildConfiguration;
			buildSettings = {
				ALWAYS_SEARCH_USER_PATHS = NO;
				ASSETCATALOG_COMPILER_GENERATE_SWIFT_ASSET_SYMBOL_EXTENSIONS = YES;
				CLANG_ANALYZER_NONNULL = YES;
				CLANG_ANALYZER_NUMBER_OBJECT_CONVERSION = YES_AGGRESSIVE;
				CLANG_CXX_LANGUAGE_STANDARD = "gnu++20";
				CLANG_ENABLE_MODULES = YES;
				CLANG_ENABLE_OBJC_ARC = YES;
				CLANG_ENABLE_OBJC_WEAK = YES;
				CLANG_WARN_BLOCK_CAPTURE_AUTORELEASING = YES;
				CLANG_WARN_BOOL_CONVERSION = YES;
				CLANG_WARN_COMMA = YES;
				CLANG_WARN_CONSTANT_CONVERSION = YES;
				CLANG_WARN_DEPRECATED_OBJC_IMPLEMENTATIONS = YES;
				CLANG_WARN_DIRECT_OBJC_ISA_USAGE = YES_ERROR;
				CLANG_WARN_DOCUMENTATION_COMMENTS = YES;
				CLANG_WARN_EMPTY_BODY = YES;
				CLANG_WARN_ENUM_CONVERSION = YES;
				CLANG_WARN_INFINITE_RECURSION = YES;
				CLANG_WARN_INT_CONVERSION = YES;
				CLANG_WARN_NON_LITERAL_NULL_CONVERSION = YES;
				CLANG_WARN_OBJC_IMPLICIT_RETAIN_SELF = YES;
				CLANG_WARN_OBJC_LITERAL_CONVERSION = YES;
				CLANG_WARN_OBJC_ROOT_CLASS = YES_ERROR;
				CLANG_WARN_QUOTED_INCLUDE_IN_FRAMEWORK_HEADER = YES;
				CLANG_WARN_RANGE_LOOP_ANALYSIS = YES;
				CLANG_WARN_STRICT_PROTOTYPES = YES;
				CLANG_WARN_SUSPICIOUS_MOVE = YES;
				CLANG_WARN_UNGUARDED_AVAILABILITY = YES_AGGRESSIVE;
				CLANG_WARN_UNREACHABLE_CODE = YES;
				CLANG_WARN__DUPLICATE_METHOD_MATCH = YES;
				COPY_PHASE_STRIP = NO;
				DEBUG_INFORMATION_FORMAT = dwarf;
				ENABLE_STRICT_OBJC_MSGSEND = YES;
				ENABLE_TESTABILITY = YES;
				ENABLE_USER_SCRIPT_SANDBOXING = YES;
				GCC_C_LANGUAGE_STANDARD = gnu17;
				GCC_DYNAMIC_NO_PIC = NO;
				GCC_NO_COMMON_BLOCKS = YES;
				GCC_OPTIMIZATION_LEVEL = 0;
				GCC_PREPROCESSOR_DEFINITIONS = (
					"DEBUG=1",
					"$(inherited)",
				);
				GCC_WARN_64_TO_32_BIT_CONVERSION = YES;
				GCC_WARN_ABOUT_RETURN_TYPE = YES_ERROR;
				GCC_WARN_UNDECLARED_SELECTOR = YES;
				GCC_WARN_UNINITIALIZED_AUTOS = YES_AGGRESSIVE;
				GCC_WARN_UNUSED_FUNCTION = YES;
				GCC_WARN_UNUSED_VARIABLE = YES;
				IPHONEOS_DEPLOYMENT_TARGET = 17.4;
				LOCALIZATION_PREFERS_STRING_CATALOGS = YES;
				MTL_ENABLE_DEBUG_INFO = INCLUDE_SOURCE;
				MTL_FAST_MATH = YES;
				ONLY_ACTIVE_ARCH = YES;
				SDKROOT = iphoneos;
				SWIFT_ACTIVE_COMPILATION_CONDITIONS = "DEBUG $(inherited)";
				SWIFT_OPTIMIZATION_LEVEL = "-Onone";
			};
			name = Debug;
		};
		C1C348AB2BB7F6460071C0E5 /* Release */ = {
			isa = XCBuildConfiguration;
			buildSettings = {
				ALWAYS_SEARCH_USER_PATHS = NO;
				ASSETCATALOG_COMPILER_GENERATE_SWIFT_ASSET_SYMBOL_EXTENSIONS = YES;
				CLANG_ANALYZER_NONNULL = YES;
				CLANG_ANALYZER_NUMBER_OBJECT_CONVERSION = YES_AGGRESSIVE;
				CLANG_CXX_LANGUAGE_STANDARD = "gnu++20";
				CLANG_ENABLE_MODULES = YES;
				CLANG_ENABLE_OBJC_ARC = YES;
				CLANG_ENABLE_OBJC_WEAK = YES;
				CLANG_WARN_BLOCK_CAPTURE_AUTORELEASING = YES;
				CLANG_WARN_BOOL_CONVERSION = YES;
				CLANG_WARN_COMMA = YES;
				CLANG_WARN_CONSTANT_CONVERSION = YES;
				CLANG_WARN_DEPRECATED_OBJC_IMPLEMENTATIONS = YES;
				CLANG_WARN_DIRECT_OBJC_ISA_USAGE = YES_ERROR;
				CLANG_WARN_DOCUMENTATION_COMMENTS = YES;
				CLANG_WARN_EMPTY_BODY = YES;
				CLANG_WARN_ENUM_CONVERSION = YES;
				CLANG_WARN_INFINITE_RECURSION = YES;
				CLANG_WARN_INT_CONVERSION = YES;
				CLANG_WARN_NON_LITERAL_NULL_CONVERSION = YES;
				CLANG_WARN_OBJC_IMPLICIT_RETAIN_SELF = YES;
				CLANG_WARN_OBJC_LITERAL_CONVERSION = YES;
				CLANG_WARN_OBJC_ROOT_CLASS = YES_ERROR;
				CLANG_WARN_QUOTED_INCLUDE_IN_FRAMEWORK_HEADER = YES;
				CLANG_WARN_RANGE_LOOP_ANALYSIS = YES;
				CLANG_WARN_STRICT_PROTOTYPES = YES;
				CLANG_WARN_SUSPICIOUS_MOVE = YES;
				CLANG_WARN_UNGUARDED_AVAILABILITY = YES_AGGRESSIVE;
				CLANG_WARN_UNREACHABLE_CODE = YES;
				CLANG_WARN__DUPLICATE_METHOD_MATCH = YES;
				COPY_PHASE_STRIP = NO;
				DEBUG_INFORMATION_FORMAT = "dwarf-with-dsym";
				ENABLE_NS_ASSERTIONS = NO;
				ENABLE_STRICT_OBJC_MSGSEND = YES;
				ENABLE_USER_SCRIPT_SANDBOXING = YES;
				GCC_C_LANGUAGE_STANDARD = gnu17;
				GCC_NO_COMMON_BLOCKS = YES;
				GCC_WARN_64_TO_32_BIT_CONVERSION = YES;
				GCC_WARN_ABOUT_RETURN_TYPE = YES_ERROR;
				GCC_WARN_UNDECLARED_SELECTOR = YES;
				GCC_WARN_UNINITIALIZED_AUTOS = YES_AGGRESSIVE;
				GCC_WARN_UNUSED_FUNCTION = YES;
				GCC_WARN_UNUSED_VARIABLE = YES;
				IPHONEOS_DEPLOYMENT_TARGET = 17.4;
				LOCALIZATION_PREFERS_STRING_CATALOGS = YES;
				MTL_ENABLE_DEBUG_INFO = NO;
				MTL_FAST_MATH = YES;
				SDKROOT = iphoneos;
				SWIFT_COMPILATION_MODE = wholemodule;
				VALIDATE_PRODUCT = YES;
			};
			name = Release;
		};
		C1C348AD2BB7F6460071C0E5 /* Debug */ = {
			isa = XCBuildConfiguration;
			buildSettings = {
				ALWAYS_EMBED_SWIFT_STANDARD_LIBRARIES = YES;
				ASSETCATALOG_COMPILER_APPICON_NAME = AppIcon;
				ASSETCATALOG_COMPILER_GLOBAL_ACCENT_COLOR_NAME = AccentColor;
				CODE_SIGN_STYLE = Automatic;
				CURRENT_PROJECT_VERSION = 1;
				DEVELOPMENT_ASSET_PATHS = "";
				DEVELOPMENT_TEAM = A5LBYGCGKX;
				ENABLE_PREVIEWS = YES;
				GENERATE_INFOPLIST_FILE = YES;
				INFOPLIST_KEY_UIApplicationSceneManifest_Generation = YES;
				INFOPLIST_KEY_UIApplicationSupportsIndirectInputEvents = YES;
				INFOPLIST_KEY_UILaunchScreen_Generation = YES;
				INFOPLIST_KEY_UISupportedInterfaceOrientations_iPad = "UIInterfaceOrientationPortrait UIInterfaceOrientationPortraitUpsideDown UIInterfaceOrientationLandscapeLeft UIInterfaceOrientationLandscapeRight";
				INFOPLIST_KEY_UISupportedInterfaceOrientations_iPhone = "UIInterfaceOrientationPortrait UIInterfaceOrientationLandscapeLeft UIInterfaceOrientationLandscapeRight";
				IPHONEOS_DEPLOYMENT_TARGET = 15.0;
				LD_RUNPATH_SEARCH_PATHS = (
					"$(inherited)",
					"@executable_path/Frameworks",
				);
				MARKETING_VERSION = 1.0;
				PRODUCT_BUNDLE_IDENTIFIER = "com.github.Jager-yoo.ClockKitComplicationSample";
				PRODUCT_NAME = "$(TARGET_NAME)";
				SWIFT_EMIT_LOC_STRINGS = YES;
				SWIFT_VERSION = 5.0;
				TARGETED_DEVICE_FAMILY = "1,2";
			};
			name = Debug;
		};
		C1C348AE2BB7F6460071C0E5 /* Release */ = {
			isa = XCBuildConfiguration;
			buildSettings = {
				ALWAYS_EMBED_SWIFT_STANDARD_LIBRARIES = YES;
				ASSETCATALOG_COMPILER_APPICON_NAME = AppIcon;
				ASSETCATALOG_COMPILER_GLOBAL_ACCENT_COLOR_NAME = AccentColor;
				CODE_SIGN_STYLE = Automatic;
				CURRENT_PROJECT_VERSION = 1;
				DEVELOPMENT_ASSET_PATHS = "";
				DEVELOPMENT_TEAM = A5LBYGCGKX;
				ENABLE_PREVIEWS = YES;
				GENERATE_INFOPLIST_FILE = YES;
				INFOPLIST_KEY_UIApplicationSceneManifest_Generation = YES;
				INFOPLIST_KEY_UIApplicationSupportsIndirectInputEvents = YES;
				INFOPLIST_KEY_UILaunchScreen_Generation = YES;
				INFOPLIST_KEY_UISupportedInterfaceOrientations_iPad = "UIInterfaceOrientationPortrait UIInterfaceOrientationPortraitUpsideDown UIInterfaceOrientationLandscapeLeft UIInterfaceOrientationLandscapeRight";
				INFOPLIST_KEY_UISupportedInterfaceOrientations_iPhone = "UIInterfaceOrientationPortrait UIInterfaceOrientationLandscapeLeft UIInterfaceOrientationLandscapeRight";
				IPHONEOS_DEPLOYMENT_TARGET = 15.0;
				LD_RUNPATH_SEARCH_PATHS = (
					"$(inherited)",
					"@executable_path/Frameworks",
				);
				MARKETING_VERSION = 1.0;
				PRODUCT_BUNDLE_IDENTIFIER = "com.github.Jager-yoo.ClockKitComplicationSample";
				PRODUCT_NAME = "$(TARGET_NAME)";
				SWIFT_EMIT_LOC_STRINGS = YES;
				SWIFT_VERSION = 5.0;
				TARGETED_DEVICE_FAMILY = "1,2";
			};
			name = Release;
		};
		C1C348D82BB838A90071C0E5 /* Debug */ = {
			isa = XCBuildConfiguration;
			buildSettings = {
				ASSETCATALOG_COMPILER_APPICON_NAME = AppIcon;
				ASSETCATALOG_COMPILER_GLOBAL_ACCENT_COLOR_NAME = AccentColor;
				CODE_SIGN_STYLE = Automatic;
				CURRENT_PROJECT_VERSION = 1;
				DEVELOPMENT_ASSET_PATHS = "";
				DEVELOPMENT_TEAM = A5LBYGCGKX;
				ENABLE_PREVIEWS = YES;
				GENERATE_INFOPLIST_FILE = YES;
				INFOPLIST_KEY_CFBundleDisplayName = ClockKitComplicationSampleWatch;
				INFOPLIST_KEY_UISupportedInterfaceOrientations = "UIInterfaceOrientationPortrait UIInterfaceOrientationPortraitUpsideDown";
				INFOPLIST_KEY_WKCompanionAppBundleIdentifier = "com.github.Jager-yoo.ClockKitComplicationSample";
				LD_RUNPATH_SEARCH_PATHS = (
					"$(inherited)",
					"@executable_path/Frameworks",
				);
				MARKETING_VERSION = 1.0;
				PRODUCT_BUNDLE_IDENTIFIER = "com.github.Jager-yoo.ClockKitComplicationSample.watchkitapp";
				PRODUCT_NAME = "$(TARGET_NAME)";
				SDKROOT = watchos;
				SKIP_INSTALL = YES;
				SWIFT_EMIT_LOC_STRINGS = YES;
				SWIFT_VERSION = 5.0;
				TARGETED_DEVICE_FAMILY = 4;
				WATCHOS_DEPLOYMENT_TARGET = 10.4;
			};
			name = Debug;
		};
		C1C348D92BB838A90071C0E5 /* Release */ = {
			isa = XCBuildConfiguration;
			buildSettings = {
				ASSETCATALOG_COMPILER_APPICON_NAME = AppIcon;
				ASSETCATALOG_COMPILER_GLOBAL_ACCENT_COLOR_NAME = AccentColor;
				CODE_SIGN_STYLE = Automatic;
				CURRENT_PROJECT_VERSION = 1;
				DEVELOPMENT_ASSET_PATHS = "";
				DEVELOPMENT_TEAM = A5LBYGCGKX;
				ENABLE_PREVIEWS = YES;
				GENERATE_INFOPLIST_FILE = YES;
				INFOPLIST_KEY_CFBundleDisplayName = ClockKitComplicationSampleWatch;
				INFOPLIST_KEY_UISupportedInterfaceOrientations = "UIInterfaceOrientationPortrait UIInterfaceOrientationPortraitUpsideDown";
				INFOPLIST_KEY_WKCompanionAppBundleIdentifier = "com.github.Jager-yoo.ClockKitComplicationSample";
				LD_RUNPATH_SEARCH_PATHS = (
					"$(inherited)",
					"@executable_path/Frameworks",
				);
				MARKETING_VERSION = 1.0;
				PRODUCT_BUNDLE_IDENTIFIER = "com.github.Jager-yoo.ClockKitComplicationSample.watchkitapp";
				PRODUCT_NAME = "$(TARGET_NAME)";
				SDKROOT = watchos;
				SKIP_INSTALL = YES;
				SWIFT_EMIT_LOC_STRINGS = YES;
				SWIFT_VERSION = 5.0;
				TARGETED_DEVICE_FAMILY = 4;
				WATCHOS_DEPLOYMENT_TARGET = 10.4;
			};
			name = Release;
		};
/* End XCBuildConfiguration section */

/* Begin XCConfigurationList section */
		C1C348992BB7F6450071C0E5 /* Build configuration list for PBXProject "ClockKitComplicationSample" */ = {
			isa = XCConfigurationList;
			buildConfigurations = (
				C1C348AA2BB7F6460071C0E5 /* Debug */,
				C1C348AB2BB7F6460071C0E5 /* Release */,
			);
			defaultConfigurationIsVisible = 0;
			defaultConfigurationName = Release;
		};
		C1C348AC2BB7F6460071C0E5 /* Build configuration list for PBXNativeTarget "ClockKitComplicationSample" */ = {
			isa = XCConfigurationList;
			buildConfigurations = (
				C1C348AD2BB7F6460071C0E5 /* Debug */,
				C1C348AE2BB7F6460071C0E5 /* Release */,
			);
			defaultConfigurationIsVisible = 0;
			defaultConfigurationName = Release;
		};
		C1C348DA2BB838A90071C0E5 /* Build configuration list for PBXNativeTarget "ClockKitComplicationSampleWatch Watch App" */ = {
			isa = XCConfigurationList;
			buildConfigurations = (
				C1C348D82BB838A90071C0E5 /* Debug */,
				C1C348D92BB838A90071C0E5 /* Release */,
			);
			defaultConfigurationIsVisible = 0;
			defaultConfigurationName = Release;
		};
/* End XCConfigurationList section */
	};
	rootObject = C1C348962BB7F6450071C0E5 /* Project object */;
}
